
Microsoft Visual Studio Solution File, Format Version 12.00
# Visual Studio Version 17
VisualStudioVersion = 17.0.31903.59
MinimumVisualStudioVersion = 10.0.40219.1
Project("{2150E333-8FDC-42A3-9474-1A3956D46DE8}") = "src", "src", "{A544C651-9C73-4F77-B076-C3E3A8549220}"
EndProject
Project("{FAE04EC0-301F-11D3-BF4B-00C04F79EFBC}") = "Pokedex.API", "src\Pokedex.API\Pokedex.API.csproj", "{63C35992-EA2F-4AE2-B00D-8E187FEE22B3}"
EndProject
Project("{2150E333-8FDC-42A3-9474-1A3956D46DE8}") = "tests", "tests", "{A6BEEBF5-5420-4F14-8DD1-8AB9606BB807}"
EndProject
Project("{FAE04EC0-301F-11D3-BF4B-00C04F79EFBC}") = "Pokedex.Infrastructure", "src\Pokedex.Infrastructure\Pokedex.Infrastructure.csproj", "{2489C6BD-E8BD-4C85-BD5B-FDA409E4299F}"
EndProject
Project("{FAE04EC0-301F-11D3-BF4B-00C04F79EFBC}") = "Pokedex.Infrastructure.Tests", "tests\Pokedex.Infrastructure.Tests\Pokedex.Infrastructure.Tests.csproj", "{870BFF58-7A7D-4CB8-9328-E007474280DF}"
EndProject
Project("{FAE04EC0-301F-11D3-BF4B-00C04F79EFBC}") = "Pokedex.Application", "src\Pokedex.Application\Pokedex.Application.csproj", "{879FF614-B15A-4454-9320-947ECF0F8E52}"
EndProject
Project("{FAE04EC0-301F-11D3-BF4B-00C04F79EFBC}") = "Pokedex.Application.Tests", "tests\Pokedex.Application.Tests\Pokedex.Application.Tests.csproj", "{819805C6-4C6B-44BC-8663-934A59B00CB5}"
EndProject
Global
	GlobalSection(SolutionConfigurationPlatforms) = preSolution
		Debug|Any CPU = Debug|Any CPU
		Release|Any CPU = Release|Any CPU
	EndGlobalSection
	GlobalSection(SolutionProperties) = preSolution
		HideSolutionNode = FALSE
	EndGlobalSection
	GlobalSection(ProjectConfigurationPlatforms) = postSolution
		{63C35992-EA2F-4AE2-B00D-8E187FEE22B3}.Debug|Any CPU.ActiveCfg = Debug|Any CPU
		{63C35992-EA2F-4AE2-B00D-8E187FEE22B3}.Debug|Any CPU.Build.0 = Debug|Any CPU
		{63C35992-EA2F-4AE2-B00D-8E187FEE22B3}.Release|Any CPU.ActiveCfg = Release|Any CPU
		{63C35992-EA2F-4AE2-B00D-8E187FEE22B3}.Release|Any CPU.Build.0 = Release|Any CPU
		{2489C6BD-E8BD-4C85-BD5B-FDA409E4299F}.Debug|Any CPU.ActiveCfg = Debug|Any CPU
		{2489C6BD-E8BD-4C85-BD5B-FDA409E4299F}.Debug|Any CPU.Build.0 = Debug|Any CPU
		{2489C6BD-E8BD-4C85-BD5B-FDA409E4299F}.Release|Any CPU.ActiveCfg = Release|Any CPU
		{2489C6BD-E8BD-4C85-BD5B-FDA409E4299F}.Release|Any CPU.Build.0 = Release|Any CPU
		{870BFF58-7A7D-4CB8-9328-E007474280DF}.Debug|Any CPU.ActiveCfg = Debug|Any CPU
		{870BFF58-7A7D-4CB8-9328-E007474280DF}.Debug|Any CPU.Build.0 = Debug|Any CPU
		{870BFF58-7A7D-4CB8-9328-E007474280DF}.Release|Any CPU.ActiveCfg = Release|Any CPU
		{870BFF58-7A7D-4CB8-9328-E007474280DF}.Release|Any CPU.Build.0 = Release|Any CPU
		{879FF614-B15A-4454-9320-947ECF0F8E52}.Debug|Any CPU.ActiveCfg = Debug|Any CPU
		{879FF614-B15A-4454-9320-947ECF0F8E52}.Debug|Any CPU.Build.0 = Debug|Any CPU
		{879FF614-B15A-4454-9320-947ECF0F8E52}.Release|Any CPU.ActiveCfg = Release|Any CPU
		{879FF614-B15A-4454-9320-947ECF0F8E52}.Release|Any CPU.Build.0 = Release|Any CPU
		{819805C6-4C6B-44BC-8663-934A59B00CB5}.Debug|Any CPU.ActiveCfg = Debug|Any CPU
		{819805C6-4C6B-44BC-8663-934A59B00CB5}.Debug|Any CPU.Build.0 = Debug|Any CPU
		{819805C6-4C6B-44BC-8663-934A59B00CB5}.Release|Any CPU.ActiveCfg = Release|Any CPU
		{819805C6-4C6B-44BC-8663-934A59B00CB5}.Release|Any CPU.Build.0 = Release|Any CPU
	EndGlobalSection
	GlobalSection(NestedProjects) = preSolution
		{63C35992-EA2F-4AE2-B00D-8E187FEE22B3} = {A544C651-9C73-4F77-B076-C3E3A8549220}
		{2489C6BD-E8BD-4C85-BD5B-FDA409E4299F} = {A544C651-9C73-4F77-B076-C3E3A8549220}
		{870BFF58-7A7D-4CB8-9328-E007474280DF} = {A6BEEBF5-5420-4F14-8DD1-8AB9606BB807}
		{879FF614-B15A-4454-9320-947ECF0F8E52} = {A544C651-9C73-4F77-B076-C3E3A8549220}
		{819805C6-4C6B-44BC-8663-934A59B00CB5} = {A6BEEBF5-5420-4F14-8DD1-8AB9606BB807}
	EndGlobalSection
EndGlobal
