
Microsoft Visual Studio Solution File, Format Version 12.00
# Visual Studio Version 17
VisualStudioVersion = 17.0.31903.59
MinimumVisualStudioVersion = 10.0.40219.1
Project("{2150E333-8FDC-42A3-9474-1A3956D46DE8}") = "src", "src", "{A544C651-9C73-4F77-B076-C3E3A8549220}"
EndProject
Project("{FAE04EC0-301F-11D3-BF4B-00C04F79EFBC}") = "Pokedex.API", "src\Pokedex.API\Pokedex.API.csproj", "{63C35992-EA2F-4AE2-B00D-8E187FEE22B3}"
EndProject
Project("{2150E333-8FDC-42A3-9474-1A3956D46DE8}") = "tests", "tests", "{A6BEEBF5-5420-4F14-8DD1-8AB9606BB807}"
EndProject
Project("{FAE04EC0-301F-11D3-BF4B-00C04F79EFBC}") = "Pokedex.API.Tests", "tests\Pokedex.API.Tests\Pokedex.API.Tests.csproj", "{ECC58FAD-4AF9-4541-BE58-46F783ED05AC}"
EndProject
Global
	GlobalSection(SolutionConfigurationPlatforms) = preSolution
		Debug|Any CPU = Debug|Any CPU
		Release|Any CPU = Release|Any CPU
	EndGlobalSection
	GlobalSection(SolutionProperties) = preSolution
		HideSolutionNode = FALSE
	EndGlobalSection
	GlobalSection(ProjectConfigurationPlatforms) = postSolution
		{63C35992-EA2F-4AE2-B00D-8E187FEE22B3}.Debug|Any CPU.ActiveCfg = Debug|Any CPU
		{63C35992-EA2F-4AE2-B00D-8E187FEE22B3}.Debug|Any CPU.Build.0 = Debug|Any CPU
		{63C35992-EA2F-4AE2-B00D-8E187FEE22B3}.Release|Any CPU.ActiveCfg = Release|Any CPU
		{63C35992-EA2F-4AE2-B00D-8E187FEE22B3}.Release|Any CPU.Build.0 = Release|Any CPU
		{ECC58FAD-4AF9-4541-BE58-46F783ED05AC}.Debug|Any CPU.ActiveCfg = Debug|Any CPU
		{ECC58FAD-4AF9-4541-BE58-46F783ED05AC}.Debug|Any CPU.Build.0 = Debug|Any CPU
		{ECC58FAD-4AF9-4541-BE58-46F783ED05AC}.Release|Any CPU.ActiveCfg = Release|Any CPU
		{ECC58FAD-4AF9-4541-BE58-46F783ED05AC}.Release|Any CPU.Build.0 = Release|Any CPU
	EndGlobalSection
	GlobalSection(NestedProjects) = preSolution
		{63C35992-EA2F-4AE2-B00D-8E187FEE22B3} = {A544C651-9C73-4F77-B076-C3E3A8549220}
		{ECC58FAD-4AF9-4541-BE58-46F783ED05AC} = {A6BEEBF5-5420-4F14-8DD1-8AB9606BB807}
	EndGlobalSection
EndGlobal
